
Microsoft Visual Studio Solution File, Format Version 12.00
# Visual Studio Version 16
VisualStudioVersion = 16.0.30611.23
MinimumVisualStudioVersion = 10.0.40219.1
Project("{FAE04EC0-301F-11D3-BF4B-00C04F79EFBC}") = "ST1CP4-KathrinSchey", "ST1CP4-KathrinSchey\ST1CP4-KathrinSchey.csproj", "{1288B299-AAD6-4000-BCCE-B1BB903CB3EC}"
EndProject
Global
	GlobalSection(SolutionConfigurationPlatforms) = preSolution
		Debug|Any CPU = Debug|Any CPU
		Release|Any CPU = Release|Any CPU
	EndGlobalSection
	GlobalSection(ProjectConfigurationPlatforms) = postSolution
		{1288B299-AAD6-4000-BCCE-B1BB903CB3EC}.Debug|Any CPU.ActiveCfg = Debug|Any CPU
		{1288B299-AAD6-4000-BCCE-B1BB903CB3EC}.Debug|Any CPU.Build.0 = Debug|Any CPU
		{1288B299-AAD6-4000-BCCE-B1BB903CB3EC}.Release|Any CPU.ActiveCfg = Release|Any CPU
		{1288B299-AAD6-4000-BCCE-B1BB903CB3EC}.Release|Any CPU.Build.0 = Release|Any CPU
	EndGlobalSection
	GlobalSection(SolutionProperties) = preSolution
		HideSolutionNode = FALSE
	EndGlobalSection
	GlobalSection(ExtensibilityGlobals) = postSolution
		SolutionGuid = {63DC939F-75CC-4059-A099-414F45CB60F6}
	EndGlobalSection
EndGlobal
